Microsoft Visual Studio Solution File, Format Version 7.00
Project("{FAE04EC0-301F-11D3-BF4B-00C04F79EFBC}") = "SimpleService", "http://localhost/SimpleService/SimpleService.csproj", "{F643569E-F3BC-4082-BFDC-F76FFBEF1C00}"
EndProject
Global
	GlobalSection(SolutionConfiguration) = preSolution
		ConfigName.0 = Debug
		ConfigName.1 = Release
	EndGlobalSection
	GlobalSection(ProjectDependencies) = postSolution
	EndGlobalSection
	GlobalSection(ProjectConfiguration) = postSolution
		{F643569E-F3BC-4082-BFDC-F76FFBEF1C00}.Debug.ActiveCfg = Debug|.NET
		{F643569E-F3BC-4082-BFDC-F76FFBEF1C00}.Debug.Build.0 = Debug|.NET
		{F643569E-F3BC-4082-BFDC-F76FFBEF1C00}.Release.ActiveCfg = Release|.NET
		{F643569E-F3BC-4082-BFDC-F76FFBEF1C00}.Release.Build.0 = Release|.NET
	EndGlobalSection
	GlobalSection(ExtensibilityGlobals) = postSolution
	EndGlobalSection
	GlobalSection(ExtensibilityAddIns) = postSolution
	EndGlobalSection
EndGlobal
